{
  "name": "edgies-veggies",
  "version": "1.0.0",
  "lockfileVersion": 3,
  "requires": true,
  "packages": {
    "": {
      "name": "edgies-veggies",
      "version": "1.0.0",
      "license": "ISC",
      "dependencies": {
        "uikit": "^3.16.14"
      }
    },
    "node_modules/uikit": {
      "version": "3.16.14",
      "resolved": "https://registry.npmjs.org/uikit/-/uikit-3.16.14.tgz",
      "integrity": "sha512-pP/uQbP7MfkzsP8pEvYYfZ9/t5lsK3EYc0U+EFTsALwGZwCRg4f0XMZC0crIElfuV1HtTlU+sIMMarw8IJUJqw==",
      "license": "MIT"
    }
  }
}
